// !$*UTF8*$!
{
	archiveVersion = 1;
	classes = {
	};
	objectVersion = 46;
	objects = {

/* Begin PBXBuildFile section */
		CC331CB215A23E0E39D8640F /* libPods-BlessingSMS.a in Frameworks */ = {isa = PBXBuildFile; fileRef = F2158F987AAE9B81B07FDDEF /* libPods-BlessingSMS.a */; };
		E600ED3E1C3685F500AB6916 /* SmsCell.m in Sources */ = {isa = PBXBuildFile; fileRef = E600ED3C1C3685F500AB6916 /* SmsCell.m */; };
		E600ED3F1C3685F500AB6916 /* SmsCell.xib in Resources */ = {isa = PBXBuildFile; fileRef = E600ED3D1C3685F500AB6916 /* SmsCell.xib */; };
		E600ED451C36897900AB6916 /* LayerHelper.m in Sources */ = {isa = PBXBuildFile; fileRef = E600ED441C36897900AB6916 /* LayerHelper.m */; };
		E600ED731C36994500AB6916 /* MJRefreshAutoFooter.m in Sources */ = {isa = PBXBuildFile; fileRef = E600ED491C36994500AB6916 /* MJRefreshAutoFooter.m */; };
		E600ED741C36994500AB6916 /* MJRefreshBackFooter.m in Sources */ = {isa = PBXBuildFile; fileRef = E600ED4B1C36994500AB6916 /* MJRefreshBackFooter.m */; };
		E600ED751C36994500AB6916 /* MJRefreshComponent.m in Sources */ = {isa = PBXBuildFile; fileRef = E600ED4D1C36994500AB6916 /* MJRefreshComponent.m */; };
		E600ED761C36994500AB6916 /* MJRefreshFooter.m in Sources */ = {isa = PBXBuildFile; fileRef = E600ED4F1C36994500AB6916 /* MJRefreshFooter.m */; };
		E600ED771C36994500AB6916 /* MJRefreshHeader.m in Sources */ = {isa = PBXBuildFile; fileRef = E600ED511C36994500AB6916 /* MJRefreshHeader.m */; };
		E600ED781C36994500AB6916 /* MJRefreshAutoGifFooter.m in Sources */ = {isa = PBXBuildFile; fileRef = E600ED561C36994500AB6916 /* MJRefreshAutoGifFooter.m */; };
		E600ED791C36994500AB6916 /* MJRefreshAutoNormalFooter.m in Sources */ = {isa = PBXBuildFile; fileRef = E600ED581C36994500AB6916 /* MJRefreshAutoNormalFooter.m */; };
		E600ED7A1C36994500AB6916 /* MJRefreshAutoStateFooter.m in Sources */ = {isa = PBXBuildFile; fileRef = E600ED5A1C36994500AB6916 /* MJRefreshAutoStateFooter.m */; };
		E600ED7B1C36994500AB6916 /* MJRefreshBackGifFooter.m in Sources */ = {isa = PBXBuildFile; fileRef = E600ED5D1C36994500AB6916 /* MJRefreshBackGifFooter.m */; };
		E600ED7C1C36994500AB6916 /* MJRefreshBackNormalFooter.m in Sources */ = {isa = PBXBuildFile; fileRef = E600ED5F1C36994500AB6916 /* MJRefreshBackNormalFooter.m */; };
		E600ED7D1C36994500AB6916 /* MJRefreshBackStateFooter.m in Sources */ = {isa = PBXBuildFile; fileRef = E600ED611C36994500AB6916 /* MJRefreshBackStateFooter.m */; };
		E600ED7E1C36994500AB6916 /* MJRefreshGifHeader.m in Sources */ = {isa = PBXBuildFile; fileRef = E600ED641C36994500AB6916 /* MJRefreshGifHeader.m */; };
		E600ED7F1C36994500AB6916 /* MJRefreshNormalHeader.m in Sources */ = {isa = PBXBuildFile; fileRef = E600ED661C36994500AB6916 /* MJRefreshNormalHeader.m */; };
		E600ED801C36994500AB6916 /* MJRefreshStateHeader.m in Sources */ = {isa = PBXBuildFile; fileRef = E600ED681C36994500AB6916 /* MJRefreshStateHeader.m */; };
		E600ED811C36994500AB6916 /* MJRefresh.bundle in Resources */ = {isa = PBXBuildFile; fileRef = E600ED691C36994500AB6916 /* MJRefresh.bundle */; };
		E600ED821C36994500AB6916 /* MJRefreshConst.m in Sources */ = {isa = PBXBuildFile; fileRef = E600ED6C1C36994500AB6916 /* MJRefreshConst.m */; };
		E600ED831C36994500AB6916 /* UIScrollView+MJExtension.m in Sources */ = {isa = PBXBuildFile; fileRef = E600ED6E1C36994500AB6916 /* UIScrollView+MJExtension.m */; };
		E600ED841C36994500AB6916 /* UIScrollView+MJRefresh.m in Sources */ = {isa = PBXBuildFile; fileRef = E600ED701C36994500AB6916 /* UIScrollView+MJRefresh.m */; };
		E600ED851C36994500AB6916 /* UIView+MJExtension.m in Sources */ = {isa = PBXBuildFile; fileRef = E600ED721C36994500AB6916 /* UIView+MJExtension.m */; };
		E60F10571C3971CE006B62CC /* SMSCategoryModel.m in Sources */ = {isa = PBXBuildFile; fileRef = E60F10561C3971CE006B62CC /* SMSCategoryModel.m */; };
		E60F105B1C397939006B62CC /* SMSCategoryCell.m in Sources */ = {isa = PBXBuildFile; fileRef = E60F10591C397939006B62CC /* SMSCategoryCell.m */; };
		E60F105C1C397939006B62CC /* SMSCategoryCell.xib in Resources */ = {isa = PBXBuildFile; fileRef = E60F105A1C397939006B62CC /* SMSCategoryCell.xib */; };
		E64052971C3A6F9700598B62 /* cell_arrow@2x.png in Resources */ = {isa = PBXBuildFile; fileRef = E64052951C3A6F9700598B62 /* cell_arrow@2x.png */; };
		E64052981C3A6F9700598B62 /* cell_arrow@3x.png in Resources */ = {isa = PBXBuildFile; fileRef = E64052961C3A6F9700598B62 /* cell_arrow@3x.png */; };
		E640529D1C3A7D5900598B62 /* cell_arrow_down@2x.png in Resources */ = {isa = PBXBuildFile; fileRef = E64052991C3A7D5900598B62 /* cell_arrow_down@2x.png */; };
		E640529E1C3A7D5900598B62 /* cell_arrow_down@3x.png in Resources */ = {isa = PBXBuildFile; fileRef = E640529A1C3A7D5900598B62 /* cell_arrow_down@3x.png */; };
		E640529F1C3A7D5900598B62 /* cell_arrow_up@2x.png in Resources */ = {isa = PBXBuildFile; fileRef = E640529B1C3A7D5900598B62 /* cell_arrow_up@2x.png */; };
		E64052A01C3A7D5900598B62 /* cell_arrow_up@3x.png in Resources */ = {isa = PBXBuildFile; fileRef = E640529C1C3A7D5900598B62 /* cell_arrow_up@3x.png */; };
		E64052A41C3A845A00598B62 /* SMSSendViewController.m in Sources */ = {isa = PBXBuildFile; fileRef = E64052A31C3A845A00598B62 /* SMSSendViewController.m */; };
		E66BD4421C352F57005E3597 /* SMSInfoModel.m in Sources */ = {isa = PBXBuildFile; fileRef = E66BD4411C352F57005E3597 /* SMSInfoModel.m */; };
		E6E6F5391C33BAF4008005EA /* main.m in Sources */ = {isa = PBXBuildFile; fileRef = E6E6F5381C33BAF4008005EA /* main.m */; };
		E6E6F53C1C33BAF4008005EA /* AppDelegate.m in Sources */ = {isa = PBXBuildFile; fileRef = E6E6F53B1C33BAF4008005EA /* AppDelegate.m */; };
		E6E6F5441C33BAF4008005EA /* Assets.xcassets in Resources */ = {isa = PBXBuildFile; fileRef = E6E6F5431C33BAF4008005EA /* Assets.xcassets */; };
		E6E6F5611C33CF7F008005EA /* BaseAPIManager.m in Sources */ = {isa = PBXBuildFile; fileRef = E6E6F5561C33CF7F008005EA /* BaseAPIManager.m */; };
		E6E6F5621C33CF7F008005EA /* DataReformer.m in Sources */ = {isa = PBXBuildFile; fileRef = E6E6F5591C33CF7F008005EA /* DataReformer.m */; };
		E6E6F5631C33CF7F008005EA /* RequestManager.m in Sources */ = {isa = PBXBuildFile; fileRef = E6E6F55C1C33CF7F008005EA /* RequestManager.m */; };
		E6E6F5751C33D1AF008005EA /* BaseNavController.m in Sources */ = {isa = PBXBuildFile; fileRef = E6E6F56B1C33D1AF008005EA /* BaseNavController.m */; };
		E6E6F5761C33D1AF008005EA /* BaseTabBarController.m in Sources */ = {isa = PBXBuildFile; fileRef = E6E6F56E1C33D1AF008005EA /* BaseTabBarController.m */; };
		E6E6F5771C33D1AF008005EA /* BaseViewController.m in Sources */ = {isa = PBXBuildFile; fileRef = E6E6F5711C33D1AF008005EA /* BaseViewController.m */; };
		E6E6F5781C33D1AF008005EA /* DefaultNavView.m in Sources */ = {isa = PBXBuildFile; fileRef = E6E6F5741C33D1AF008005EA /* DefaultNavView.m */; };
		E6E6F5801C33D5F1008005EA /* RECommonFunctions.m in Sources */ = {isa = PBXBuildFile; fileRef = E6E6F57B1C33D5F1008005EA /* RECommonFunctions.m */; };
		E6E6F5811C33D5F1008005EA /* RESideMenu.m in Sources */ = {isa = PBXBuildFile; fileRef = E6E6F57D1C33D5F1008005EA /* RESideMenu.m */; };
		E6E6F5821C33D5F1008005EA /* UIViewController+RESideMenu.m in Sources */ = {isa = PBXBuildFile; fileRef = E6E6F57F1C33D5F1008005EA /* UIViewController+RESideMenu.m */; };
		E6E6F5871C33D917008005EA /* MainShowViewController.m in Sources */ = {isa = PBXBuildFile; fileRef = E6E6F5861C33D917008005EA /* MainShowViewController.m */; };
		E6E6F58D1C33DA43008005EA /* LeftMenuViewController.m in Sources */ = {isa = PBXBuildFile; fileRef = E6E6F58C1C33DA43008005EA /* LeftMenuViewController.m */; };
		E6E6F5941C33DDC3008005EA /* navigationbar_back@2x.png in Resources */ = {isa = PBXBuildFile; fileRef = E6E6F5901C33DDC3008005EA /* navigationbar_back@2x.png */; };
		E6E6F5951C33DDC3008005EA /* navigationbar_back@3x.png in Resources */ = {isa = PBXBuildFile; fileRef = E6E6F5911C33DDC3008005EA /* navigationbar_back@3x.png */; };
		E6E6F5961C33DDC3008005EA /* navigationbarBg@2x.png in Resources */ = {isa = PBXBuildFile; fileRef = E6E6F5921C33DDC3008005EA /* navigationbarBg@2x.png */; };
		E6E6F5971C33DDC3008005EA /* navigationbarBg@3x.png in Resources */ = {isa = PBXBuildFile; fileRef = E6E6F5931C33DDC3008005EA /* navigationbarBg@3x.png */; };
/* End PBXBuildFile section */

/* Begin PBXFileReference section */
		16718854DCC110FDD0004796 /* Pods-BlessingSMS.release.xcconfig */ = {isa = PBXFileReference; includeInIndex = 1; lastKnownFileType = text.xcconfig; name = "Pods-BlessingSMS.release.xcconfig"; path = "Pods/Target Support Files/Pods-BlessingSMS/Pods-BlessingSMS.release.xcconfig"; sourceTree = "<group>"; };
		B0EF774E0AD70F0722E705B3 /* Pods-BlessingSMS.debug.xcconfig */ = {isa = PBXFileReference; includeInIndex = 1; lastKnownFileType = text.xcconfig; name = "Pods-BlessingSMS.debug.xcconfig"; path = "Pods/Target Support Files/Pods-BlessingSMS/Pods-BlessingSMS.debug.xcconfig"; sourceTree = "<group>"; };
		E600ED3B1C3685F500AB6916 /* SmsCell.h */ = {isa = PBXFileReference; fileEncoding = 4; lastKnownFileType = sourcecode.c.h; path = SmsCell.h; sourceTree = "<group>"; };
		E600ED3C1C3685F500AB6916 /* SmsCell.m */ = {isa = PBXFileReference; fileEncoding = 4; lastKnownFileType = sourcecode.c.objc; path = SmsCell.m; sourceTree = "<group>"; };
		E600ED3D1C3685F500AB6916 /* SmsCell.xib */ = {isa = PBXFileReference; fileEncoding = 4; lastKnownFileType = file.xib; path = SmsCell.xib; sourceTree = "<group>"; };
		E600ED431C36897900AB6916 /* LayerHelper.h */ = {isa = PBXFileReference; fileEncoding = 4; lastKnownFileType = sourcecode.c.h; path = LayerHelper.h; sourceTree = "<group>"; };
		E600ED441C36897900AB6916 /* LayerHelper.m */ = {isa = PBXFileReference; fileEncoding = 4; lastKnownFileType = sourcecode.c.objc; path = LayerHelper.m; sourceTree = "<group>"; };
		E600ED481C36994500AB6916 /* MJRefreshAutoFooter.h */ = {isa = PBXFileReference; fileEncoding = 4; lastKnownFileType = sourcecode.c.h; path = MJRefreshAutoFooter.h; sourceTree = "<group>"; };
		E600ED491C36994500AB6916 /* MJRefreshAutoFooter.m */ = {isa = PBXFileReference; fileEncoding = 4; lastKnownFileType = sourcecode.c.objc; path = MJRefreshAutoFooter.m; sourceTree = "<group>"; };
		E600ED4A1C36994500AB6916 /* MJRefreshBackFooter.h */ = {isa = PBXFileReference; fileEncoding = 4; lastKnownFileType = sourcecode.c.h; path = MJRefreshBackFooter.h; sourceTree = "<group>"; };
		E600ED4B1C36994500AB6916 /* MJRefreshBackFooter.m */ = {isa = PBXFileReference; fileEncoding = 4; lastKnownFileType = sourcecode.c.objc; path = MJRefreshBackFooter.m; sourceTree = "<group>"; };
		E600ED4C1C36994500AB6916 /* MJRefreshComponent.h */ = {isa = PBXFileReference; fileEncoding = 4; lastKnownFileType = sourcecode.c.h; path = MJRefreshComponent.h; sourceTree = "<group>"; };
		E600ED4D1C36994500AB6916 /* MJRefreshComponent.m */ = {isa = PBXFileReference; fileEncoding = 4; lastKnownFileType = sourcecode.c.objc; path = MJRefreshComponent.m; sourceTree = "<group>"; };
		E600ED4E1C36994500AB6916 /* MJRefreshFooter.h */ = {isa = PBXFileReference; fileEncoding = 4; lastKnownFileType = sourcecode.c.h; path = MJRefreshFooter.h; sourceTree = "<group>"; };
		E600ED4F1C36994500AB6916 /* MJRefreshFooter.m */ = {isa = PBXFileReference; fileEncoding = 4; lastKnownFileType = sourcecode.c.objc; path = MJRefreshFooter.m; sourceTree = "<group>"; };
		E600ED501C36994500AB6916 /* MJRefreshHeader.h */ = {isa = PBXFileReference; fileEncoding = 4; lastKnownFileType = sourcecode.c.h; path = MJRefreshHeader.h; sourceTree = "<group>"; };
		E600ED511C36994500AB6916 /* MJRefreshHeader.m */ = {isa = PBXFileReference; fileEncoding = 4; lastKnownFileType = sourcecode.c.objc; path = MJRefreshHeader.m; sourceTree = "<group>"; };
		E600ED551C36994500AB6916 /* MJRefreshAutoGifFooter.h */ = {isa = PBXFileReference; fileEncoding = 4; lastKnownFileType = sourcecode.c.h; path = MJRefreshAutoGifFooter.h; sourceTree = "<group>"; };
		E600ED561C36994500AB6916 /* MJRefreshAutoGifFooter.m */ = {isa = PBXFileReference; fileEncoding = 4; lastKnownFileType = sourcecode.c.objc; path = MJRefreshAutoGifFooter.m; sourceTree = "<group>"; };
		E600ED571C36994500AB6916 /* MJRefreshAutoNormalFooter.h */ = {isa = PBXFileReference; fileEncoding = 4; lastKnownFileType = sourcecode.c.h; path = MJRefreshAutoNormalFooter.h; sourceTree = "<group>"; };
		E600ED581C36994500AB6916 /* MJRefreshAutoNormalFooter.m */ = {isa = PBXFileReference; fileEncoding = 4; lastKnownFileType = sourcecode.c.objc; path = MJRefreshAutoNormalFooter.m; sourceTree = "<group>"; };
		E600ED591C36994500AB6916 /* MJRefreshAutoStateFooter.h */ = {isa = PBXFileReference; fileEncoding = 4; lastKnownFileType = sourcecode.c.h; path = MJRefreshAutoStateFooter.h; sourceTree = "<group>"; };
		E600ED5A1C36994500AB6916 /* MJRefreshAutoStateFooter.m */ = {isa = PBXFileReference; fileEncoding = 4; lastKnownFileType = sourcecode.c.objc; path = MJRefreshAutoStateFooter.m; sourceTree = "<group>"; };
		E600ED5C1C36994500AB6916 /* MJRefreshBackGifFooter.h */ = {isa = PBXFileReference; fileEncoding = 4; lastKnownFileType = sourcecode.c.h; path = MJRefreshBackGifFooter.h; sourceTree = "<group>"; };
		E600ED5D1C36994500AB6916 /* MJRefreshBackGifFooter.m */ = {isa = PBXFileReference; fileEncoding = 4; lastKnownFileType = sourcecode.c.objc; path = MJRefreshBackGifFooter.m; sourceTree = "<group>"; };
		E600ED5E1C36994500AB6916 /* MJRefreshBackNormalFooter.h */ = {isa = PBXFileReference; fileEncoding = 4; lastKnownFileType = sourcecode.c.h; path = MJRefreshBackNormalFooter.h; sourceTree = "<group>"; };
		E600ED5F1C36994500AB6916 /* MJRefreshBackNormalFooter.m */ = {isa = PBXFileReference; fileEncoding = 4; lastKnownFileType = sourcecode.c.objc; path = MJRefreshBackNormalFooter.m; sourceTree = "<group>"; };
		E600ED601C36994500AB6916 /* MJRefreshBackStateFooter.h */ = {isa = PBXFileReference; fileEncoding = 4; lastKnownFileType = sourcecode.c.h; path = MJRefreshBackStateFooter.h; sourceTree = "<group>"; };
		E600ED611C36994500AB6916 /* MJRefreshBackStateFooter.m */ = {isa = PBXFileReference; fileEncoding = 4; lastKnownFileType = sourcecode.c.objc; path = MJRefreshBackStateFooter.m; sourceTree = "<group>"; };
		E600ED631C36994500AB6916 /* MJRefreshGifHeader.h */ = {isa = PBXFileReference; fileEncoding = 4; lastKnownFileType = sourcecode.c.h; path = MJRefreshGifHeader.h; sourceTree = "<group>"; };
		E600ED641C36994500AB6916 /* MJRefreshGifHeader.m */ = {isa = PBXFileReference; fileEncoding = 4; lastKnownFileType = sourcecode.c.objc; path = MJRefreshGifHeader.m; sourceTree = "<group>"; };
		E600ED651C36994500AB6916 /* MJRefreshNormalHeader.h */ = {isa = PBXFileReference; fileEncoding = 4; lastKnownFileType = sourcecode.c.h; path = MJRefreshNormalHeader.h; sourceTree = "<group>"; };
		E600ED661C36994500AB6916 /* MJRefreshNormalHeader.m */ = {isa = PBXFileReference; fileEncoding = 4; lastKnownFileType = sourcecode.c.objc; path = MJRefreshNormalHeader.m; sourceTree = "<group>"; };
		E600ED671C36994500AB6916 /* MJRefreshStateHeader.h */ = {isa = PBXFileReference; fileEncoding = 4; lastKnownFileType = sourcecode.c.h; path = MJRefreshStateHeader.h; sourceTree = "<group>"; };
		E600ED681C36994500AB6916 /* MJRefreshStateHeader.m */ = {isa = PBXFileReference; fileEncoding = 4; lastKnownFileType = sourcecode.c.objc; path = MJRefreshStateHeader.m; sourceTree = "<group>"; };
		E600ED691C36994500AB6916 /* MJRefresh.bundle */ = {isa = PBXFileReference; lastKnownFileType = "wrapper.plug-in"; path = MJRefresh.bundle; sourceTree = "<group>"; };
		E600ED6A1C36994500AB6916 /* MJRefresh.h */ = {isa = PBXFileReference; fileEncoding = 4; lastKnownFileType = sourcecode.c.h; path = MJRefresh.h; sourceTree = "<group>"; };
		E600ED6B1C36994500AB6916 /* MJRefreshConst.h */ = {isa = PBXFileReference; fileEncoding = 4; lastKnownFileType = sourcecode.c.h; path = MJRefreshConst.h; sourceTree = "<group>"; };
		E600ED6C1C36994500AB6916 /* MJRefreshConst.m */ = {isa = PBXFileReference; fileEncoding = 4; lastKnownFileType = sourcecode.c.objc; path = MJRefreshConst.m; sourceTree = "<group>"; };
		E600ED6D1C36994500AB6916 /* UIScrollView+MJExtension.h */ = {isa = PBXFileReference; fileEncoding = 4; lastKnownFileType = sourcecode.c.h; path = "UIScrollView+MJExtension.h"; sourceTree = "<group>"; };
		E600ED6E1C36994500AB6916 /* UIScrollView+MJExtension.m */ = {isa = PBXFileReference; fileEncoding = 4; lastKnownFileType = sourcecode.c.objc; path = "UIScrollView+MJExtension.m"; sourceTree = "<group>"; };
		E600ED6F1C36994500AB6916 /* UIScrollView+MJRefresh.h */ = {isa = PBXFileReference; fileEncoding = 4; lastKnownFileType = sourcecode.c.h; path = "UIScrollView+MJRefresh.h"; sourceTree = "<group>"; };
		E600ED701C36994500AB6916 /* UIScrollView+MJRefresh.m */ = {isa = PBXFileReference; fileEncoding = 4; lastKnownFileType = sourcecode.c.objc; path = "UIScrollView+MJRefresh.m"; sourceTree = "<group>"; };
		E600ED711C36994500AB6916 /* UIView+MJExtension.h */ = {isa = PBXFileReference; fileEncoding = 4; lastKnownFileType = sourcecode.c.h; path = "UIView+MJExtension.h"; sourceTree = "<group>"; };
		E600ED721C36994500AB6916 /* UIView+MJExtension.m */ = {isa = PBXFileReference; fileEncoding = 4; lastKnownFileType = sourcecode.c.objc; path = "UIView+MJExtension.m"; sourceTree = "<group>"; };
		E60F10551C3971CE006B62CC /* SMSCategoryModel.h */ = {isa = PBXFileReference; fileEncoding = 4; lastKnownFileType = sourcecode.c.h; path = SMSCategoryModel.h; sourceTree = "<group>"; };
		E60F10561C3971CE006B62CC /* SMSCategoryModel.m */ = {isa = PBXFileReference; fileEncoding = 4; lastKnownFileType = sourcecode.c.objc; path = SMSCategoryModel.m; sourceTree = "<group>"; };
		E60F10581C397939006B62CC /* SMSCategoryCell.h */ = {isa = PBXFileReference; fileEncoding = 4; lastKnownFileType = sourcecode.c.h; path = SMSCategoryCell.h; sourceTree = "<group>"; };
		E60F10591C397939006B62CC /* SMSCategoryCell.m */ = {isa = PBXFileReference; fileEncoding = 4; lastKnownFileType = sourcecode.c.objc; path = SMSCategoryCell.m; sourceTree = "<group>"; };
		E60F105A1C397939006B62CC /* SMSCategoryCell.xib */ = {isa = PBXFileReference; fileEncoding = 4; lastKnownFileType = file.xib; path = SMSCategoryCell.xib; sourceTree = "<group>"; };
		E64052951C3A6F9700598B62 /* cell_arrow@2x.png */ = {isa = PBXFileReference; lastKnownFileType = image.png; path = "cell_arrow@2x.png"; sourceTree = "<group>"; };
		E64052961C3A6F9700598B62 /* cell_arrow@3x.png */ = {isa = PBXFileReference; lastKnownFileType = image.png; path = "cell_arrow@3x.png"; sourceTree = "<group>"; };
		E64052991C3A7D5900598B62 /* cell_arrow_down@2x.png */ = {isa = PBXFileReference; lastKnownFileType = image.png; path = "cell_arrow_down@2x.png"; sourceTree = "<group>"; };
		E640529A1C3A7D5900598B62 /* cell_arrow_down@3x.png */ = {isa = PBXFileReference; lastKnownFileType = image.png; path = "cell_arrow_down@3x.png"; sourceTree = "<group>"; };
		E640529B1C3A7D5900598B62 /* cell_arrow_up@2x.png */ = {isa = PBXFileReference; lastKnownFileType = image.png; path = "cell_arrow_up@2x.png"; sourceTree = "<group>"; };
		E640529C1C3A7D5900598B62 /* cell_arrow_up@3x.png */ = {isa = PBXFileReference; lastKnownFileType = image.png; path = "cell_arrow_up@3x.png"; sourceTree = "<group>"; };
		E64052A21C3A845A00598B62 /* SMSSendViewController.h */ = {isa = PBXFileReference; fileEncoding = 4; lastKnownFileType = sourcecode.c.h; path = SMSSendViewController.h; sourceTree = "<group>"; };
		E64052A31C3A845A00598B62 /* SMSSendViewController.m */ = {isa = PBXFileReference; fileEncoding = 4; lastKnownFileType = sourcecode.c.objc; path = SMSSendViewController.m; sourceTree = "<group>"; };
		E66BD4401C352F57005E3597 /* SMSInfoModel.h */ = {isa = PBXFileReference; fileEncoding = 4; lastKnownFileType = sourcecode.c.h; path = SMSInfoModel.h; sourceTree = "<group>"; };
		E66BD4411C352F57005E3597 /* SMSInfoModel.m */ = {isa = PBXFileReference; fileEncoding = 4; lastKnownFileType = sourcecode.c.objc; path = SMSInfoModel.m; sourceTree = "<group>"; };
		E6E6F5341C33BAF4008005EA /* BlessingSMS.app */ = {isa = PBXFileReference; explicitFileType = wrapper.application; includeInIndex = 0; path = BlessingSMS.app; sourceTree = BUILT_PRODUCTS_DIR; };
		E6E6F5381C33BAF4008005EA /* main.m */ = {isa = PBXFileReference; lastKnownFileType = sourcecode.c.objc; path = main.m; sourceTree = "<group>"; };
		E6E6F53A1C33BAF4008005EA /* AppDelegate.h */ = {isa = PBXFileReference; lastKnownFileType = sourcecode.c.h; path = AppDelegate.h; sourceTree = "<group>"; };
		E6E6F53B1C33BAF4008005EA /* AppDelegate.m */ = {isa = PBXFileReference; lastKnownFileType = sourcecode.c.objc; path = AppDelegate.m; sourceTree = "<group>"; };
		E6E6F5431C33BAF4008005EA /* Assets.xcassets */ = {isa = PBXFileReference; lastKnownFileType = folder.assetcatalog; path = Assets.xcassets; sourceTree = "<group>"; };
		E6E6F5481C33BAF4008005EA /* Info.plist */ = {isa = PBXFileReference; lastKnownFileType = text.plist.xml; path = Info.plist; sourceTree = "<group>"; };
		E6E6F5551C33CF7F008005EA /* BaseAPIManager.h */ = {isa = PBXFileReference; fileEncoding = 4; lastKnownFileType = sourcecode.c.h; path = BaseAPIManager.h; sourceTree = "<group>"; };
		E6E6F5561C33CF7F008005EA /* BaseAPIManager.m */ = {isa = PBXFileReference; fileEncoding = 4; lastKnownFileType = sourcecode.c.objc; path = BaseAPIManager.m; sourceTree = "<group>"; };
		E6E6F5581C33CF7F008005EA /* DataReformer.h */ = {isa = PBXFileReference; fileEncoding = 4; lastKnownFileType = sourcecode.c.h; path = DataReformer.h; sourceTree = "<group>"; };
		E6E6F5591C33CF7F008005EA /* DataReformer.m */ = {isa = PBXFileReference; fileEncoding = 4; lastKnownFileType = sourcecode.c.objc; path = DataReformer.m; sourceTree = "<group>"; };
		E6E6F55B1C33CF7F008005EA /* RequestManager.h */ = {isa = PBXFileReference; fileEncoding = 4; lastKnownFileType = sourcecode.c.h; path = RequestManager.h; sourceTree = "<group>"; };
		E6E6F55C1C33CF7F008005EA /* RequestManager.m */ = {isa = PBXFileReference; fileEncoding = 4; lastKnownFileType = sourcecode.c.objc; path = RequestManager.m; sourceTree = "<group>"; };
		E6E6F5661C33D052008005EA /* PrefixHeader.pch */ = {isa = PBXFileReference; lastKnownFileType = sourcecode.c.h; path = PrefixHeader.pch; sourceTree = "<group>"; };
		E6E6F5671C33D182008005EA /* CommonDefine.h */ = {isa = PBXFileReference; fileEncoding = 4; lastKnownFileType = sourcecode.c.h; path = CommonDefine.h; sourceTree = "<group>"; };
		E6E6F56A1C33D1AF008005EA /* BaseNavController.h */ = {isa = PBXFileReference; fileEncoding = 4; lastKnownFileType = sourcecode.c.h; path = BaseNavController.h; sourceTree = "<group>"; };
		E6E6F56B1C33D1AF008005EA /* BaseNavController.m */ = {isa = PBXFileReference; fileEncoding = 4; lastKnownFileType = sourcecode.c.objc; path = BaseNavController.m; sourceTree = "<group>"; };
		E6E6F56D1C33D1AF008005EA /* BaseTabBarController.h */ = {isa = PBXFileReference; fileEncoding = 4; lastKnownFileType = sourcecode.c.h; path = BaseTabBarController.h; sourceTree = "<group>"; };
		E6E6F56E1C33D1AF008005EA /* BaseTabBarController.m */ = {isa = PBXFileReference; fileEncoding = 4; lastKnownFileType = sourcecode.c.objc; path = BaseTabBarController.m; sourceTree = "<group>"; };
		E6E6F5701C33D1AF008005EA /* BaseViewController.h */ = {isa = PBXFileReference; fileEncoding = 4; lastKnownFileType = sourcecode.c.h; path = BaseViewController.h; sourceTree = "<group>"; };
		E6E6F5711C33D1AF008005EA /* BaseViewController.m */ = {isa = PBXFileReference; fileEncoding = 4; lastKnownFileType = sourcecode.c.objc; path = BaseViewController.m; sourceTree = "<group>"; };
		E6E6F5731C33D1AF008005EA /* DefaultNavView.h */ = {isa = PBXFileReference; fileEncoding = 4; lastKnownFileType = sourcecode.c.h; path = DefaultNavView.h; sourceTree = "<group>"; };
		E6E6F5741C33D1AF008005EA /* DefaultNavView.m */ = {isa = PBXFileReference; fileEncoding = 4; lastKnownFileType = sourcecode.c.objc; path = DefaultNavView.m; sourceTree = "<group>"; };
		E6E6F57A1C33D5F1008005EA /* RECommonFunctions.h */ = {isa = PBXFileReference; fileEncoding = 4; lastKnownFileType = sourcecode.c.h; path = RECommonFunctions.h; sourceTree = "<group>"; };
		E6E6F57B1C33D5F1008005EA /* RECommonFunctions.m */ = {isa = PBXFileReference; fileEncoding = 4; lastKnownFileType = sourcecode.c.objc; path = RECommonFunctions.m; sourceTree = "<group>"; };
		E6E6F57C1C33D5F1008005EA /* RESideMenu.h */ = {isa = PBXFileReference; fileEncoding = 4; lastKnownFileType = sourcecode.c.h; path = RESideMenu.h; sourceTree = "<group>"; };
		E6E6F57D1C33D5F1008005EA /* RESideMenu.m */ = {isa = PBXFileReference; fileEncoding = 4; lastKnownFileType = sourcecode.c.objc; path = RESideMenu.m; sourceTree = "<group>"; };
		E6E6F57E1C33D5F1008005EA /* UIViewController+RESideMenu.h */ = {isa = PBXFileReference; fileEncoding = 4; lastKnownFileType = sourcecode.c.h; path = "UIViewController+RESideMenu.h"; sourceTree = "<group>"; };
		E6E6F57F1C33D5F1008005EA /* UIViewController+RESideMenu.m */ = {isa = PBXFileReference; fileEncoding = 4; lastKnownFileType = sourcecode.c.objc; path = "UIViewController+RESideMenu.m"; sourceTree = "<group>"; };
		E6E6F5851C33D917008005EA /* MainShowViewController.h */ = {isa = PBXFileReference; fileEncoding = 4; lastKnownFileType = sourcecode.c.h; path = MainShowViewController.h; sourceTree = "<group>"; };
		E6E6F5861C33D917008005EA /* MainShowViewController.m */ = {isa = PBXFileReference; fileEncoding = 4; lastKnownFileType = sourcecode.c.objc; path = MainShowViewController.m; sourceTree = "<group>"; };
		E6E6F58B1C33DA43008005EA /* LeftMenuViewController.h */ = {isa = PBXFileReference; fileEncoding = 4; lastKnownFileType = sourcecode.c.h; path = LeftMenuViewController.h; sourceTree = "<group>"; };
		E6E6F58C1C33DA43008005EA /* LeftMenuViewController.m */ = {isa = PBXFileReference; fileEncoding = 4; lastKnownFileType = sourcecode.c.objc; path = LeftMenuViewController.m; sourceTree = "<group>"; };
		E6E6F5901C33DDC3008005EA /* navigationbar_back@2x.png */ = {isa = PBXFileReference; lastKnownFileType = image.png; path = "navigationbar_back@2x.png"; sourceTree = "<group>"; };
		E6E6F5911C33DDC3008005EA /* navigationbar_back@3x.png */ = {isa = PBXFileReference; lastKnownFileType = image.png; path = "navigationbar_back@3x.png"; sourceTree = "<group>"; };
		E6E6F5921C33DDC3008005EA /* navigationbarBg@2x.png */ = {isa = PBXFileReference; lastKnownFileType = image.png; path = "navigationbarBg@2x.png"; sourceTree = "<group>"; };
		E6E6F5931C33DDC3008005EA /* navigationbarBg@3x.png */ = {isa = PBXFileReference; lastKnownFileType = image.png; path = "navigationbarBg@3x.png"; sourceTree = "<group>"; };
		F2158F987AAE9B81B07FDDEF /* libPods-BlessingSMS.a */ = {isa = PBXFileReference; explicitFileType = archive.ar; includeInIndex = 0; path = "libPods-BlessingSMS.a"; sourceTree = BUILT_PRODUCTS_DIR; };
/* End PBXFileReference section */

/* Begin PBXFrameworksBuildPhase section */
		E6E6F5311C33BAF4008005EA /* Frameworks */ = {
			isa = PBXFrameworksBuildPhase;
			buildActionMask = 2147483647;
			files = (
				CC331CB215A23E0E39D8640F /* libPods-BlessingSMS.a in Frameworks */,
			);
			runOnlyForDeploymentPostprocessing = 0;
		};
/* End PBXFrameworksBuildPhase section */

/* Begin PBXGroup section */
		3AE3BF10F81E1F84252651DD /* Pods */ = {
			isa = PBXGroup;
			children = (
				B0EF774E0AD70F0722E705B3 /* Pods-BlessingSMS.debug.xcconfig */,
				16718854DCC110FDD0004796 /* Pods-BlessingSMS.release.xcconfig */,
			);
			name = Pods;
			sourceTree = "<group>";
		};
		836CEE16F67E49B9FEA15C6D /* Frameworks */ = {
			isa = PBXGroup;
			children = (
				F2158F987AAE9B81B07FDDEF /* libPods-BlessingSMS.a */,
			);
			name = Frameworks;
			sourceTree = "<group>";
		};
		E600ED411C36896700AB6916 /* Helper */ = {
			isa = PBXGroup;
			children = (
				E600ED421C36896700AB6916 /* LayerHelper */,
			);
			path = Helper;
			sourceTree = "<group>";
		};
		E600ED421C36896700AB6916 /* LayerHelper */ = {
			isa = PBXGroup;
			children = (
				E600ED431C36897900AB6916 /* LayerHelper.h */,
				E600ED441C36897900AB6916 /* LayerHelper.m */,
			);
			path = LayerHelper;
			sourceTree = "<group>";
		};
		E600ED461C36994500AB6916 /* MJRefresh */ = {
			isa = PBXGroup;
			children = (
				E600ED471C36994500AB6916 /* Base */,
				E600ED521C36994500AB6916 /* Custom */,
				E600ED691C36994500AB6916 /* MJRefresh.bundle */,
				E600ED6A1C36994500AB6916 /* MJRefresh.h */,
				E600ED6B1C36994500AB6916 /* MJRefreshConst.h */,
				E600ED6C1C36994500AB6916 /* MJRefreshConst.m */,
				E600ED6D1C36994500AB6916 /* UIScrollView+MJExtension.h */,
				E600ED6E1C36994500AB6916 /* UIScrollView+MJExtension.m */,
				E600ED6F1C36994500AB6916 /* UIScrollView+MJRefresh.h */,
				E600ED701C36994500AB6916 /* UIScrollView+MJRefresh.m */,
				E600ED711C36994500AB6916 /* UIView+MJExtension.h */,
				E600ED721C36994500AB6916 /* UIView+MJExtension.m */,
			);
			path = MJRefresh;
			sourceTree = "<group>";
		};
		E600ED471C36994500AB6916 /* Base */ = {
			isa = PBXGroup;
			children = (
				E600ED481C36994500AB6916 /* MJRefreshAutoFooter.h */,
				E600ED491C36994500AB6916 /* MJRefreshAutoFooter.m */,
				E600ED4A1C36994500AB6916 /* MJRefreshBackFooter.h */,
				E600ED4B1C36994500AB6916 /* MJRefreshBackFooter.m */,
				E600ED4C1C36994500AB6916 /* MJRefreshComponent.h */,
				E600ED4D1C36994500AB6916 /* MJRefreshComponent.m */,
				E600ED4E1C36994500AB6916 /* MJRefreshFooter.h */,
				E600ED4F1C36994500AB6916 /* MJRefreshFooter.m */,
				E600ED501C36994500AB6916 /* MJRefreshHeader.h */,
				E600ED511C36994500AB6916 /* MJRefreshHeader.m */,
			);
			path = Base;
			sourceTree = "<group>";
		};
		E600ED521C36994500AB6916 /* Custom */ = {
			isa = PBXGroup;
			children = (
				E600ED531C36994500AB6916 /* Footer */,
				E600ED621C36994500AB6916 /* Header */,
			);
			path = Custom;
			sourceTree = "<group>";
		};
		E600ED531C36994500AB6916 /* Footer */ = {
			isa = PBXGroup;
			children = (
				E600ED541C36994500AB6916 /* Auto */,
				E600ED5B1C36994500AB6916 /* Back */,
			);
			path = Footer;
			sourceTree = "<group>";
		};
		E600ED541C36994500AB6916 /* Auto */ = {
			isa = PBXGroup;
			children = (
				E600ED551C36994500AB6916 /* MJRefreshAutoGifFooter.h */,
				E600ED561C36994500AB6916 /* MJRefreshAutoGifFooter.m */,
				E600ED571C36994500AB6916 /* MJRefreshAutoNormalFooter.h */,
				E600ED581C36994500AB6916 /* MJRefreshAutoNormalFooter.m */,
				E600ED591C36994500AB6916 /* MJRefreshAutoStateFooter.h */,
				E600ED5A1C36994500AB6916 /* MJRefreshAutoStateFooter.m */,
			);
			path = Auto;
			sourceTree = "<group>";
		};
		E600ED5B1C36994500AB6916 /* Back */ = {
			isa = PBXGroup;
			children = (
				E600ED5C1C36994500AB6916 /* MJRefreshBackGifFooter.h */,
				E600ED5D1C36994500AB6916 /* MJRefreshBackGifFooter.m */,
				E600ED5E1C36994500AB6916 /* MJRefreshBackNormalFooter.h */,
				E600ED5F1C36994500AB6916 /* MJRefreshBackNormalFooter.m */,
				E600ED601C36994500AB6916 /* MJRefreshBackStateFooter.h */,
				E600ED611C36994500AB6916 /* MJRefreshBackStateFooter.m */,
			);
			path = Back;
			sourceTree = "<group>";
		};
		E600ED621C36994500AB6916 /* Header */ = {
			isa = PBXGroup;
			children = (
				E600ED631C36994500AB6916 /* MJRefreshGifHeader.h */,
				E600ED641C36994500AB6916 /* MJRefreshGifHeader.m */,
				E600ED651C36994500AB6916 /* MJRefreshNormalHeader.h */,
				E600ED661C36994500AB6916 /* MJRefreshNormalHeader.m */,
				E600ED671C36994500AB6916 /* MJRefreshStateHeader.h */,
				E600ED681C36994500AB6916 /* MJRefreshStateHeader.m */,
			);
			path = Header;
			sourceTree = "<group>";
		};
		E64052941C3A6F9700598B62 /* Cell */ = {
			isa = PBXGroup;
			children = (
				E64052991C3A7D5900598B62 /* cell_arrow_down@2x.png */,
				E640529A1C3A7D5900598B62 /* cell_arrow_down@3x.png */,
				E640529B1C3A7D5900598B62 /* cell_arrow_up@2x.png */,
				E640529C1C3A7D5900598B62 /* cell_arrow_up@3x.png */,
				E64052951C3A6F9700598B62 /* cell_arrow@2x.png */,
				E64052961C3A6F9700598B62 /* cell_arrow@3x.png */,
			);
			name = Cell;
			path = BlessingSMS/ImageSource/Cell;
			sourceTree = SOURCE_ROOT;
		};
		E64052A11C3A844300598B62 /* SMSSendViewController */ = {
			isa = PBXGroup;
			children = (
				E64052A21C3A845A00598B62 /* SMSSendViewController.h */,
				E64052A31C3A845A00598B62 /* SMSSendViewController.m */,
			);
			path = SMSSendViewController;
			sourceTree = "<group>";
		};
		E6E6F52B1C33BAF4008005EA = {
			isa = PBXGroup;
			children = (
				E6E6F5361C33BAF4008005EA /* BlessingSMS */,
				E6E6F5351C33BAF4008005EA /* Products */,
				3AE3BF10F81E1F84252651DD /* Pods */,
				836CEE16F67E49B9FEA15C6D /* Frameworks */,
			);
			sourceTree = "<group>";
		};
		E6E6F5351C33BAF4008005EA /* Products */ = {
			isa = PBXGroup;
			children = (
				E6E6F5341C33BAF4008005EA /* BlessingSMS.app */,
			);
			name = Products;
			sourceTree = "<group>";
		};
		E6E6F5361C33BAF4008005EA /* BlessingSMS */ = {
			isa = PBXGroup;
			children = (
				E600ED411C36896700AB6916 /* Helper */,
				E6E6F5681C33D1AF008005EA /* BaseClass */,
				E6E6F55D1C33CF7F008005EA /* OpenSourceClass */,
				E6E6F5521C33CF7F008005EA /* Main */,
				E6E6F53A1C33BAF4008005EA /* AppDelegate.h */,
				E6E6F53B1C33BAF4008005EA /* AppDelegate.m */,
				E6E6F5431C33BAF4008005EA /* Assets.xcassets */,
				E6E6F5481C33BAF4008005EA /* Info.plist */,
				E6E6F5671C33D182008005EA /* CommonDefine.h */,
				E6E6F58E1C33DDC3008005EA /* ImageSource */,
				E6E6F5371C33BAF4008005EA /* Supporting Files */,
			);
			path = BlessingSMS;
			sourceTree = "<group>";
		};
		E6E6F5371C33BAF4008005EA /* Supporting Files */ = {
			isa = PBXGroup;
			children = (
				E6E6F5381C33BAF4008005EA /* main.m */,
				E6E6F5661C33D052008005EA /* PrefixHeader.pch */,
			);
			name = "Supporting Files";
			sourceTree = "<group>";
		};
		E6E6F5521C33CF7F008005EA /* Main */ = {
			isa = PBXGroup;
			children = (
				E64052A11C3A844300598B62 /* SMSSendViewController */,
				E6E6F5831C33D902008005EA /* LeftMenuViewController */,
				E6E6F5841C33D902008005EA /* MainShowViewController */,
				E6E6F5531C33CF7F008005EA /* Managers */,
			);
			path = Main;
			sourceTree = "<group>";
		};
		E6E6F5531C33CF7F008005EA /* Managers */ = {
			isa = PBXGroup;
			children = (
				E6E6F5541C33CF7F008005EA /* APIManager */,
				E6E6F5571C33CF7F008005EA /* DataReformer */,
				E6E6F55A1C33CF7F008005EA /* RequestManager */,
			);
			path = Managers;
			sourceTree = "<group>";
		};
		E6E6F5541C33CF7F008005EA /* APIManager */ = {
			isa = PBXGroup;
			children = (
				E6E6F5551C33CF7F008005EA /* BaseAPIManager.h */,
				E6E6F5561C33CF7F008005EA /* BaseAPIManager.m */,
			);
			path = APIManager;
			sourceTree = "<group>";
		};
		E6E6F5571C33CF7F008005EA /* DataReformer */ = {
			isa = PBXGroup;
			children = (
				E6E6F5581C33CF7F008005EA /* DataReformer.h */,
				E6E6F5591C33CF7F008005EA /* DataReformer.m */,
			);
			path = DataReformer;
			sourceTree = "<group>";
		};
		E6E6F55A1C33CF7F008005EA /* RequestManager */ = {
			isa = PBXGroup;
			children = (
				E6E6F55B1C33CF7F008005EA /* RequestManager.h */,
				E6E6F55C1C33CF7F008005EA /* RequestManager.m */,
			);
			path = RequestManager;
			sourceTree = "<group>";
		};
		E6E6F55D1C33CF7F008005EA /* OpenSourceClass */ = {
			isa = PBXGroup;
			children = (
				E600ED461C36994500AB6916 /* MJRefresh */,
				E6E6F5791C33D5F1008005EA /* RESideMenu */,
			);
			path = OpenSourceClass;
			sourceTree = "<group>";
		};
		E6E6F5681C33D1AF008005EA /* BaseClass */ = {
			isa = PBXGroup;
			children = (
				E6E6F5691C33D1AF008005EA /* BaseNavController */,
				E6E6F56C1C33D1AF008005EA /* BaseTabBarController */,
				E6E6F56F1C33D1AF008005EA /* BaseViewController */,
				E6E6F5721C33D1AF008005EA /* DefaultNavView */,
			);
			path = BaseClass;
			sourceTree = "<group>";
		};
		E6E6F5691C33D1AF008005EA /* BaseNavController */ = {
			isa = PBXGroup;
			children = (
				E6E6F56A1C33D1AF008005EA /* BaseNavController.h */,
				E6E6F56B1C33D1AF008005EA /* BaseNavController.m */,
			);
			path = BaseNavController;
			sourceTree = "<group>";
		};
		E6E6F56C1C33D1AF008005EA /* BaseTabBarController */ = {
			isa = PBXGroup;
			children = (
				E6E6F56D1C33D1AF008005EA /* BaseTabBarController.h */,
				E6E6F56E1C33D1AF008005EA /* BaseTabBarController.m */,
			);
			path = BaseTabBarController;
			sourceTree = "<group>";
		};
		E6E6F56F1C33D1AF008005EA /* BaseViewController */ = {
			isa = PBXGroup;
			children = (
				E6E6F5701C33D1AF008005EA /* BaseViewController.h */,
				E6E6F5711C33D1AF008005EA /* BaseViewController.m */,
			);
			path = BaseViewController;
			sourceTree = "<group>";
		};
		E6E6F5721C33D1AF008005EA /* DefaultNavView */ = {
			isa = PBXGroup;
			children = (
				E6E6F5731C33D1AF008005EA /* DefaultNavView.h */,
				E6E6F5741C33D1AF008005EA /* DefaultNavView.m */,
			);
			path = DefaultNavView;
			sourceTree = "<group>";
		};
		E6E6F5791C33D5F1008005EA /* RESideMenu */ = {
			isa = PBXGroup;
			children = (
				E6E6F57A1C33D5F1008005EA /* RECommonFunctions.h */,
				E6E6F57B1C33D5F1008005EA /* RECommonFunctions.m */,
				E6E6F57C1C33D5F1008005EA /* RESideMenu.h */,
				E6E6F57D1C33D5F1008005EA /* RESideMenu.m */,
				E6E6F57E1C33D5F1008005EA /* UIViewController+RESideMenu.h */,
				E6E6F57F1C33D5F1008005EA /* UIViewController+RESideMenu.m */,
			);
			path = RESideMenu;
			sourceTree = "<group>";
		};
		E6E6F5831C33D902008005EA /* LeftMenuViewController */ = {
			isa = PBXGroup;
			children = (
				E6E6F58B1C33DA43008005EA /* LeftMenuViewController.h */,
				E6E6F58C1C33DA43008005EA /* LeftMenuViewController.m */,
				E60F10581C397939006B62CC /* SMSCategoryCell.h */,
				E60F10591C397939006B62CC /* SMSCategoryCell.m */,
				E60F105A1C397939006B62CC /* SMSCategoryCell.xib */,
				E60F10551C3971CE006B62CC /* SMSCategoryModel.h */,
				E60F10561C3971CE006B62CC /* SMSCategoryModel.m */,
			);
			path = LeftMenuViewController;
			sourceTree = "<group>";
		};
		E6E6F5841C33D902008005EA /* MainShowViewController */ = {
			isa = PBXGroup;
			children = (
				E6E6F5851C33D917008005EA /* MainShowViewController.h */,
				E6E6F5861C33D917008005EA /* MainShowViewController.m */,
				E600ED3B1C3685F500AB6916 /* SmsCell.h */,
				E600ED3C1C3685F500AB6916 /* SmsCell.m */,
				E600ED3D1C3685F500AB6916 /* SmsCell.xib */,
				E66BD4401C352F57005E3597 /* SMSInfoModel.h */,
				E66BD4411C352F57005E3597 /* SMSInfoModel.m */,
			);
			path = MainShowViewController;
			sourceTree = "<group>";
		};
		E6E6F58E1C33DDC3008005EA /* ImageSource */ = {
			isa = PBXGroup;
			children = (
				E64052941C3A6F9700598B62 /* Cell */,
				E6E6F58F1C33DDC3008005EA /* DefaultNav */,
			);
			path = ImageSource;
			sourceTree = "<group>";
		};
		E6E6F58F1C33DDC3008005EA /* DefaultNav */ = {
			isa = PBXGroup;
			children = (
				E6E6F5901C33DDC3008005EA /* navigationbar_back@2x.png */,
				E6E6F5911C33DDC3008005EA /* navigationbar_back@3x.png */,
				E6E6F5921C33DDC3008005EA /* navigationbarBg@2x.png */,
				E6E6F5931C33DDC3008005EA /* navigationbarBg@3x.png */,
			);
			path = DefaultNav;
			sourceTree = "<group>";
		};
/* End PBXGroup section */

/* Begin PBXNativeTarget section */
		E6E6F5331C33BAF4008005EA /* BlessingSMS */ = {
			isa = PBXNativeTarget;
			buildConfigurationList = E6E6F54B1C33BAF4008005EA /* Build configuration list for PBXNativeTarget "BlessingSMS" */;
			buildPhases = (
				D932AAF41350D00035EAB89B /* Check Pods Manifest.lock */,
				E6E6F5301C33BAF4008005EA /* Sources */,
				E6E6F5311C33BAF4008005EA /* Frameworks */,
				E6E6F5321C33BAF4008005EA /* Resources */,
				6C2E7EB444F6A959F61C9756 /* Copy Pods Resources */,
			);
			buildRules = (
			);
			dependencies = (
			);
			name = BlessingSMS;
			productName = BlessingSMS;
			productReference = E6E6F5341C33BAF4008005EA /* BlessingSMS.app */;
			productType = "com.apple.product-type.application";
		};
/* End PBXNativeTarget section */

/* Begin PBXProject section */
		E6E6F52C1C33BAF4008005EA /* Project object */ = {
			isa = PBXProject;
			attributes = {
				LastUpgradeCheck = 0710;
				ORGANIZATIONNAME = hxp;
				TargetAttributes = {
					E6E6F5331C33BAF4008005EA = {
						CreatedOnToolsVersion = 7.1;
					};
				};
			};
			buildConfigurationList = E6E6F52F1C33BAF4008005EA /* Build configuration list for PBXProject "BlessingSMS" */;
			compatibilityVersion = "Xcode 3.2";
			developmentRegion = English;
			hasScannedForEncodings = 0;
			knownRegions = (
				en,
				Base,
			);
			mainGroup = E6E6F52B1C33BAF4008005EA;
			productRefGroup = E6E6F5351C33BAF4008005EA /* Products */;
			projectDirPath = "";
			projectRoot = "";
			targets = (
				E6E6F5331C33BAF4008005EA /* BlessingSMS */,
			);
		};
/* End PBXProject section */

/* Begin PBXResourcesBuildPhase section */
		E6E6F5321C33BAF4008005EA /* Resources */ = {
			isa = PBXResourcesBuildPhase;
			buildActionMask = 2147483647;
			files = (
				E6E6F5441C33BAF4008005EA /* Assets.xcassets in Resources */,
				E640529E1C3A7D5900598B62 /* cell_arrow_down@3x.png in Resources */,
				E600ED3F1C3685F500AB6916 /* SmsCell.xib in Resources */,
				E600ED811C36994500AB6916 /* MJRefresh.bundle in Resources */,
				E6E6F5961C33DDC3008005EA /* navigationbarBg@2x.png in Resources */,
				E6E6F5951C33DDC3008005EA /* navigationbar_back@3x.png in Resources */,
				E64052971C3A6F9700598B62 /* cell_arrow@2x.png in Resources */,
				E60F105C1C397939006B62CC /* SMSCategoryCell.xib in Resources */,
				E64052981C3A6F9700598B62 /* cell_arrow@3x.png in Resources */,
				E640529D1C3A7D5900598B62 /* cell_arrow_down@2x.png in Resources */,
				E64052A01C3A7D5900598B62 /* cell_arrow_up@3x.png in Resources */,
				E6E6F5941C33DDC3008005EA /* navigationbar_back@2x.png in Resources */,
				E6E6F5971C33DDC3008005EA /* navigationbarBg@3x.png in Resources */,
				E640529F1C3A7D5900598B62 /* cell_arrow_up@2x.png in Resources */,
			);
			runOnlyForDeploymentPostprocessing = 0;
		};
/* End PBXResourcesBuildPhase section */

/* Begin PBXShellScriptBuildPhase section */
		6C2E7EB444F6A959F61C9756 /* Copy Pods Resources */ = {
			isa = PBXShellScriptBuildPhase;
			buildActionMask = 2147483647;
			files = (
			);
			inputPaths = (
			);
			name = "Copy Pods Resources";
			outputPaths = (
			);
			runOnlyForDeploymentPostprocessing = 0;
			shellPath = /bin/sh;
			shellScript = "\"${SRCROOT}/Pods/Target Support Files/Pods-BlessingSMS/Pods-BlessingSMS-resources.sh\"\n";
			showEnvVarsInLog = 0;
		};
		D932AAF41350D00035EAB89B /* Check Pods Manifest.lock */ = {
			isa = PBXShellScriptBuildPhase;
			buildActionMask = 2147483647;
			files = (
			);
			inputPaths = (
			);
			name = "Check Pods Manifest.lock";
			outputPaths = (
			);
			runOnlyForDeploymentPostprocessing = 0;
			shellPath = /bin/sh;
			shellScript = "diff \"${PODS_ROOT}/../Podfile.lock\" \"${PODS_ROOT}/Manifest.lock\" > /dev/null\nif [[ $? != 0 ]] ; then\n    cat << EOM\nerror: The sandbox is not in sync with the Podfile.lock. Run 'pod install' or update your CocoaPods installation.\nEOM\n    exit 1\nfi\n";
			showEnvVarsInLog = 0;
		};
/* End PBXShellScriptBuildPhase section */

/* Begin PBXSourcesBuildPhase section */
		E6E6F5301C33BAF4008005EA /* Sources */ = {
			isa = PBXSourcesBuildPhase;
			buildActionMask = 2147483647;
			files = (
				E6E6F5631C33CF7F008005EA /* RequestManager.m in Sources */,
				E6E6F5801C33D5F1008005EA /* RECommonFunctions.m in Sources */,
				E6E6F5771C33D1AF008005EA /* BaseViewController.m in Sources */,
				E6E6F5811C33D5F1008005EA /* RESideMenu.m in Sources */,
				E6E6F58D1C33DA43008005EA /* LeftMenuViewController.m in Sources */,
				E600ED791C36994500AB6916 /* MJRefreshAutoNormalFooter.m in Sources */,
				E600ED7F1C36994500AB6916 /* MJRefreshNormalHeader.m in Sources */,
				E6E6F5781C33D1AF008005EA /* DefaultNavView.m in Sources */,
				E6E6F5821C33D5F1008005EA /* UIViewController+RESideMenu.m in Sources */,
				E600ED3E1C3685F500AB6916 /* SmsCell.m in Sources */,
				E60F105B1C397939006B62CC /* SMSCategoryCell.m in Sources */,
				E600ED841C36994500AB6916 /* UIScrollView+MJRefresh.m in Sources */,
				E60F10571C3971CE006B62CC /* SMSCategoryModel.m in Sources */,
				E6E6F5871C33D917008005EA /* MainShowViewController.m in Sources */,
				E600ED451C36897900AB6916 /* LayerHelper.m in Sources */,
				E6E6F53C1C33BAF4008005EA /* AppDelegate.m in Sources */,
				E600ED7A1C36994500AB6916 /* MJRefreshAutoStateFooter.m in Sources */,
				E6E6F5621C33CF7F008005EA /* DataReformer.m in Sources */,
				E600ED781C36994500AB6916 /* MJRefreshAutoGifFooter.m in Sources */,
				E600ED7C1C36994500AB6916 /* MJRefreshBackNormalFooter.m in Sources */,
				E600ED751C36994500AB6916 /* MJRefreshComponent.m in Sources */,
				E6E6F5761C33D1AF008005EA /* BaseTabBarController.m in Sources */,
				E6E6F5751C33D1AF008005EA /* BaseNavController.m in Sources */,
				E600ED741C36994500AB6916 /* MJRefreshBackFooter.m in Sources */,
				E600ED7D1C36994500AB6916 /* MJRefreshBackStateFooter.m in Sources */,
				E600ED7E1C36994500AB6916 /* MJRefreshGifHeader.m in Sources */,
				E600ED7B1C36994500AB6916 /* MJRefreshBackGifFooter.m in Sources */,
				E600ED821C36994500AB6916 /* MJRefreshConst.m in Sources */,
				E66BD4421C352F57005E3597 /* SMSInfoModel.m in Sources */,
				E6E6F5391C33BAF4008005EA /* main.m in Sources */,
				E600ED731C36994500AB6916 /* MJRefreshAutoFooter.m in Sources */,
				E6E6F5611C33CF7F008005EA /* BaseAPIManager.m in Sources */,
				E600ED761C36994500AB6916 /* MJRefreshFooter.m in Sources */,
				E600ED851C36994500AB6916 /* UIView+MJExtension.m in Sources */,
				E64052A41C3A845A00598B62 /* SMSSendViewController.m in Sources */,
				E600ED831C36994500AB6916 /* UIScrollView+MJExtension.m in Sources */,
				E600ED771C36994500AB6916 /* MJRefreshHeader.m in Sources */,
				E600ED801C36994500AB6916 /* MJRefreshStateHeader.m in Sources */,
			);
			runOnlyForDeploymentPostprocessing = 0;
		};
/* End PBXSourcesBuildPhase section */

/* Begin XCBuildConfiguration section */
		E6E6F5491C33BAF4008005EA /* Debug */ = {
			isa = XCBuildConfiguration;
			buildSettings = {
				ALWAYS_SEARCH_USER_PATHS = NO;
				CLANG_CXX_LANGUAGE_STANDARD = "gnu++0x";
				CLANG_CXX_LIBRARY = "libc++";
				CLANG_ENABLE_MODULES = YES;
				CLANG_ENABLE_OBJC_ARC = YES;
				CLANG_WARN_BOOL_CONVERSION = YES;
				CLANG_WARN_CONSTANT_CONVERSION = YES;
				CLANG_WARN_DIRECT_OBJC_ISA_USAGE = YES_ERROR;
				CLANG_WARN_EMPTY_BODY = YES;
				CLANG_WARN_ENUM_CONVERSION = YES;
				CLANG_WARN_INT_CONVERSION = YES;
				CLANG_WARN_OBJC_ROOT_CLASS = YES_ERROR;
				CLANG_WARN_UNREACHABLE_CODE = YES;
				CLANG_WARN__DUPLICATE_METHOD_MATCH = YES;
				"CODE_SIGN_IDENTITY[sdk=iphoneos*]" = "iPhone Developer";
				COPY_PHASE_STRIP = NO;
				DEBUG_INFORMATION_FORMAT = dwarf;
				ENABLE_STRICT_OBJC_MSGSEND = YES;
				ENABLE_TESTABILITY = YES;
				GCC_C_LANGUAGE_STANDARD = gnu99;
				GCC_DYNAMIC_NO_PIC = NO;
				GCC_INCREASE_PRECOMPILED_HEADER_SHARING = NO;
				GCC_NO_COMMON_BLOCKS = YES;
				GCC_OPTIMIZATION_LEVEL = 0;
				GCC_PREPROCESSOR_DEFINITIONS = (
					"DEBUG=1",
					"$(inherited)",
				);
				GCC_WARN_64_TO_32_BIT_CONVERSION = YES;
				GCC_WARN_ABOUT_RETURN_TYPE = YES_ERROR;
				GCC_WARN_UNDECLARED_SELECTOR = YES;
				GCC_WARN_UNINITIALIZED_AUTOS = YES_AGGRESSIVE;
				GCC_WARN_UNUSED_FUNCTION = YES;
				GCC_WARN_UNUSED_VARIABLE = YES;
				IPHONEOS_DEPLOYMENT_TARGET = 7.0;
				MTL_ENABLE_DEBUG_INFO = YES;
				ONLY_ACTIVE_ARCH = YES;
				SDKROOT = iphoneos;
				TARGETED_DEVICE_FAMILY = "1,2";
			};
			name = Debug;
		};
		E6E6F54A1C33BAF4008005EA /* Release */ = {
			isa = XCBuildConfiguration;
			buildSettings = {
				ALWAYS_SEARCH_USER_PATHS = NO;
				CLANG_CXX_LANGUAGE_STANDARD = "gnu++0x";
				CLANG_CXX_LIBRARY = "libc++";
				CLANG_ENABLE_MODULES = YES;
				CLANG_ENABLE_OBJC_ARC = YES;
				CLANG_WARN_BOOL_CONVERSION = YES;
				CLANG_WARN_CONSTANT_CONVERSION = YES;
				CLANG_WARN_DIRECT_OBJC_ISA_USAGE = YES_ERROR;
				CLANG_WARN_EMPTY_BODY = YES;
				CLANG_WARN_ENUM_CONVERSION = YES;
				CLANG_WARN_INT_CONVERSION = YES;
				CLANG_WARN_OBJC_ROOT_CLASS = YES_ERROR;
				CLANG_WARN_UNREACHABLE_CODE = YES;
				CLANG_WARN__DUPLICATE_METHOD_MATCH = YES;
				"CODE_SIGN_IDENTITY[sdk=iphoneos*]" = "iPhone Developer";
				COPY_PHASE_STRIP = NO;
				DEBUG_INFORMATION_FORMAT = "dwarf-with-dsym";
				ENABLE_NS_ASSERTIONS = NO;
				ENABLE_STRICT_OBJC_MSGSEND = YES;
				GCC_C_LANGUAGE_STANDARD = gnu99;
				GCC_INCREASE_PRECOMPILED_HEADER_SHARING = NO;
				GCC_NO_COMMON_BLOCKS = YES;
				GCC_WARN_64_TO_32_BIT_CONVERSION = YES;
				GCC_WARN_ABOUT_RETURN_TYPE = YES_ERROR;
				GCC_WARN_UNDECLARED_SELECTOR = YES;
				GCC_WARN_UNINITIALIZED_AUTOS = YES_AGGRESSIVE;
				GCC_WARN_UNUSED_FUNCTION = YES;
				GCC_WARN_UNUSED_VARIABLE = YES;
				IPHONEOS_DEPLOYMENT_TARGET = 7.0;
				MTL_ENABLE_DEBUG_INFO = NO;
				SDKROOT = iphoneos;
				TARGETED_DEVICE_FAMILY = "1,2";
				VALIDATE_PRODUCT = YES;
			};
			name = Release;
		};
		E6E6F54C1C33BAF4008005EA /* Debug */ = {
			isa = XCBuildConfiguration;
			baseConfigurationReference = B0EF774E0AD70F0722E705B3 /* Pods-BlessingSMS.debug.xcconfig */;
			buildSettings = {
				ASSETCATALOG_COMPILER_APPICON_NAME = AppIcon;
				GCC_PREFIX_HEADER = "$(SRCROOT)/BlessingSMS/PrefixHeader.pch";
				INFOPLIST_FILE = BlessingSMS/Info.plist;
				IPHONEOS_DEPLOYMENT_TARGET = 7.0;
				LD_RUNPATH_SEARCH_PATHS = "$(inherited) @executable_path/Frameworks";
				PRODUCT_BUNDLE_IDENTIFIER = hxp.BlessingSMS;
				PRODUCT_NAME = "$(TARGET_NAME)";
			};
			name = Debug;
		};
		E6E6F54D1C33BAF4008005EA /* Release */ = {
			isa = XCBuildConfiguration;
			baseConfigurationReference = 16718854DCC110FDD0004796 /* Pods-BlessingSMS.release.xcconfig */;
			buildSettings = {
				ASSETCATALOG_COMPILER_APPICON_NAME = AppIcon;
				GCC_PREFIX_HEADER = "$(SRCROOT)/BlessingSMS/PrefixHeader.pch";
				INFOPLIST_FILE = BlessingSMS/Info.plist;
				IPHONEOS_DEPLOYMENT_TARGET = 7.0;
				LD_RUNPATH_SEARCH_PATHS = "$(inherited) @executable_path/Frameworks";
				PRODUCT_BUNDLE_IDENTIFIER = hxp.BlessingSMS;
				PRODUCT_NAME = "$(TARGET_NAME)";
			};
			name = Release;
		};
/* End XCBuildConfiguration section */

/* Begin XCConfigurationList section */
		E6E6F52F1C33BAF4008005EA /* Build configuration list for PBXProject "BlessingSMS" */ = {
			isa = XCConfigurationList;
			buildConfigurations = (
				E6E6F5491C33BAF4008005EA /* Debug */,
				E6E6F54A1C33BAF4008005EA /* Release */,
			);
			defaultConfigurationIsVisible = 0;
			defaultConfigurationName = Release;
		};
		E6E6F54B1C33BAF4008005EA /* Build configuration list for PBXNativeTarget "BlessingSMS" */ = {
			isa = XCConfigurationList;
			buildConfigurations = (
				E6E6F54C1C33BAF4008005EA /* Debug */,
				E6E6F54D1C33BAF4008005EA /* Release */,
			);
			defaultConfigurationIsVisible = 0;
			defaultConfigurationName = Release;
		};
/* End XCConfigurationList section */
	};
	rootObject = E6E6F52C1C33BAF4008005EA /* Project object */;
}
