PODS:
  - AFNetworking (2.5.4):
    - AFNetworking/NSURLConnection (= 2.5.4)
    - AFNetworking/NSURLSession (= 2.5.4)
    - AFNetworking/Reachability (= 2.5.4)
    - AFNetworking/Security (= 2.5.4)
    - AFNetworking/Serialization (= 2.5.4)
    - AFNetworking/UIKit (= 2.5.4)
  - AFNetworking/NSURLConnection (2.5.4):
    - AFNetworking/Reachability
    - AFNetworking/Security
    - AFNetworking/Serialization
  - AFNetworking/NSURLSession (2.5.4):
    - AFNetworking/Reachability
    - AFNetworking/Security
    - AFNetworking/Serialization
  - AFNetworking/Reachability (2.5.4)
  - AFNetworking/Security (2.5.4)
  - AFNetworking/Serialization (2.5.4)
  - AFNetworking/UIKit (2.5.4):
    - AFNetworking/NSURLConnection
    - AFNetworking/NSURLSession
  - GDTMobSDK (4.10.14):
    - GDTMobSDK/GDTMobSDK (= 4.10.14)
  - GDTMobSDK/GDTMobSDK (4.10.14)
  - JSONKit (1.5pre)
  - MJExtension (3.2.1)
  - MJRefresh (3.2.0)
  - SDWebImage (5.2.3):
    - SDWebImage/Core (= 5.2.3)
  - SDWebImage/Core (5.2.3)

DEPENDENCIES:
  - AFNetworking (~> 2.5.4)
  - GDTMobSDK (~> 4.10.14)
  - JSONKit (~> 1.5pre)
  - MJExtension
  - MJRefresh
  - SDWebImage

SPEC REPOS:
  trunk:
    - AFNetworking
    - GDTMobSDK
    - JSONKit
    - MJExtension
    - MJRefresh
    - SDWebImage

SPEC CHECKSUMS:
  AFNetworking: 05edc0ac4c4c8cf57bcf4b84be5b0744b6d8e71e
  GDTMobSDK: b974c327ab530e5fbc165cf4a44466f58110bfac
  JSONKit: bae313ce6a6c444f40489a6c0b023f399888871f
  MJExtension: 635f2c663dcb1bf76fa4b715b2570a5710aec545
  MJRefresh: ed450d6eb9d3346a2cb033ab7eb6de090aeef437
  SDWebImage: 46a7f73228f84ce80990c786e4372cf4db5875ce

PODFILE CHECKSUM: dd1b19a7355bfde4f745b61426df3634f1970cda

COCOAPODS: 1.8.3
